// !$*UTF8*$!
{
	archiveVersion = 1;
	classes = {
	};
	objectVersion = 77;
	objects = {

/* Begin PBXContainerItemProxy section */
		CE5CB2672E4E7ECA00D04C38 /* PBXContainerItemProxy */ = {
			isa = PBXContainerItemProxy;
			containerPortal = CE5CB2512E4E7EC900D04C38 /* Project object */;
			proxyType = 1;
			remoteGlobalIDString = CE5CB2582E4E7EC900D04C38;
			remoteInfo = cursor_test;
		};
		CE5CB2712E4E7ECA00D04C38 /* PBXContainerItemProxy */ = {
			isa = PBXContainerItemProxy;
			containerPortal = CE5CB2512E4E7EC900D04C38 /* Project object */;
			proxyType = 1;
			remoteGlobalIDString = CE5CB2582E4E7EC900D04C38;
			remoteInfo = cursor_test;
		};
/* End PBXContainerItemProxy section */

/* Begin PBXFileReference section */
		CE5CB2592E4E7EC900D04C38 /* cursor_test.app */ = {isa = PBXFileReference; explicitFileType = wrapper.application; includeInIndex = 0; path = cursor_test.app; sourceTree = BUILT_PRODUCTS_DIR; };
		CE5CB2662E4E7ECA00D04C38 /* cursor_testTests.xctest */ = {isa = PBXFileReference; explicitFileType = wrapper.cfbundle; includeInIndex = 0; path = cursor_testTests.xctest; sourceTree = BUILT_PRODUCTS_DIR; };
		CE5CB2702E4E7ECA00D04C38 /* cursor_testUITests.xctest */ = {isa = PBXFileReference; explicitFileType = wrapper.cfbundle; includeInIndex = 0; path = cursor_testUITests.xctest; sourceTree = BUILT_PRODUCTS_DIR; };
/* End PBXFileReference section */

/* Begin PBXFileSystemSynchronizedRootGroup section */
		CE5CB25B2E4E7EC900D04C38 /* cursor_test */ = {
			isa = PBXFileSystemSynchronizedRootGroup;
			path = cursor_test;
			sourceTree = "<group>";
		};
		CE5CB2692E4E7ECA00D04C38 /* cursor_testTests */ = {
			isa = PBXFileSystemSynchronizedRootGroup;
			path = cursor_testTests;
			sourceTree = "<group>";
		};
		CE5CB2732E4E7ECA00D04C38 /* cursor_testUITests */ = {
			isa = PBXFileSystemSynchronizedRootGroup;
			path = cursor_testUITests;
			sourceTree = "<group>";
		};
/* End PBXFileSystemSynchronizedRootGroup section */

/* Begin PBXFrameworksBuildPhase section */
		CE5CB2562E4E7EC900D04C38 /* Frameworks */ = {
			isa = PBXFrameworksBuildPhase;
			buildActionMask = 2147483647;
			files = (
			);
			runOnlyForDeploymentPostprocessing = 0;
		};
		CE5CB2632E4E7ECA00D04C38 /* Frameworks */ = {
			isa = PBXFrameworksBuildPhase;
			buildActionMask = 2147483647;
			files = (
			);
			runOnlyForDeploymentPostprocessing = 0;
		};
		CE5CB26D2E4E7ECA00D04C38 /* Frameworks */ = {
			isa = PBXFrameworksBuildPhase;
			buildActionMask = 2147483647;
			files = (
			);
			runOnlyForDeploymentPostprocessing = 0;
		};
/* End PBXFrameworksBuildPhase section */

/* Begin PBXGroup section */
		CE5CB2502E4E7EC900D04C38 = {
			isa = PBXGroup;
			children = (
				CE5CB25B2E4E7EC900D04C38 /* cursor_test */,
				CE5CB2692E4E7ECA00D04C38 /* cursor_testTests */,
				CE5CB2732E4E7ECA00D04C38 /* cursor_testUITests */,
				CE5CB25A2E4E7EC900D04C38 /* Products */,
			);
			sourceTree = "<group>";
		};
		CE5CB25A2E4E7EC900D04C38 /* Products */ = {
			isa = PBXGroup;
			children = (
				CE5CB2592E4E7EC900D04C38 /* cursor_test.app */,
				CE5CB2662E4E7ECA00D04C38 /* cursor_testTests.xctest */,
				CE5CB2702E4E7ECA00D04C38 /* cursor_testUITests.xctest */,
			);
			name = Products;
			sourceTree = "<group>";
		};
/* End PBXGroup section */

/* Begin PBXNativeTarget section */
		CE5CB2582E4E7EC900D04C38 /* cursor_test */ = {
			isa = PBXNativeTarget;
			buildConfigurationList = CE5CB27A2E4E7ECA00D04C38 /* Build configuration list for PBXNativeTarget "cursor_test" */;
			buildPhases = (
				CE5CB2552E4E7EC900D04C38 /* Sources */,
				CE5CB2562E4E7EC900D04C38 /* Frameworks */,
				CE5CB2572E4E7EC900D04C38 /* Resources */,
			);
			buildRules = (
			);
			dependencies = (
			);
			fileSystemSynchronizedGroups = (
				CE5CB25B2E4E7EC900D04C38 /* cursor_test */,
			);
			name = cursor_test;
			packageProductDependencies = (
			);
			productName = cursor_test;
			productReference = CE5CB2592E4E7EC900D04C38 /* cursor_test.app */;
			productType = "com.apple.product-type.application";
		};
		CE5CB2652E4E7ECA00D04C38 /* cursor_testTests */ = {
			isa = PBXNativeTarget;
			buildConfigurationList = CE5CB27D2E4E7ECA00D04C38 /* Build configuration list for PBXNativeTarget "cursor_testTests" */;
			buildPhases = (
				CE5CB2622E4E7ECA00D04C38 /* Sources */,
				CE5CB2632E4E7ECA00D04C38 /* Frameworks */,
				CE5CB2642E4E7ECA00D04C38 /* Resources */,
			);
			buildRules = (
			);
			dependencies = (
				CE5CB2682E4E7ECA00D04C38 /* PBXTargetDependency */,
			);
			fileSystemSynchronizedGroups = (
				CE5CB2692E4E7ECA00D04C38 /* cursor_testTests */,
			);
			name = cursor_testTests;
			packageProductDependencies = (
			);
			productName = cursor_testTests;
			productReference = CE5CB2662E4E7ECA00D04C38 /* cursor_testTests.xctest */;
			productType = "com.apple.product-type.bundle.unit-test";
		};
		CE5CB26F2E4E7ECA00D04C38 /* cursor_testUITests */ = {
			isa = PBXNativeTarget;
			buildConfigurationList = CE5CB2802E4E7ECA00D04C38 /* Build configuration list for PBXNativeTarget "cursor_testUITests" */;
			buildPhases = (
				CE5CB26C2E4E7ECA00D04C38 /* Sources */,
				CE5CB26D2E4E7ECA00D04C38 /* Frameworks */,
				CE5CB26E2E4E7ECA00D04C38 /* Resources */,
			);
			buildRules = (
			);
			dependencies = (
				CE5CB2722E4E7ECA00D04C38 /* PBXTargetDependency */,
			);
			fileSystemSynchronizedGroups = (
				CE5CB2732E4E7ECA00D04C38 /* cursor_testUITests */,
			);
			name = cursor_testUITests;
			packageProductDependencies = (
			);
			productName = cursor_testUITests;
			productReference = CE5CB2702E4E7ECA00D04C38 /* cursor_testUITests.xctest */;
			productType = "com.apple.product-type.bundle.ui-testing";
		};
/* End PBXNativeTarget section */

/* Begin PBXProject section */
		CE5CB2512E4E7EC900D04C38 /* Project object */ = {
			isa = PBXProject;
			attributes = {
				BuildIndependentTargetsInParallel = 1;
				LastSwiftUpdateCheck = 1640;
				LastUpgradeCheck = 1640;
				TargetAttributes = {
					CE5CB2582E4E7EC900D04C38 = {
						CreatedOnToolsVersion = 16.4;
					};
					CE5CB2652E4E7ECA00D04C38 = {
						CreatedOnToolsVersion = 16.4;
						TestTargetID = CE5CB2582E4E7EC900D04C38;
					};
					CE5CB26F2E4E7ECA00D04C38 = {
						CreatedOnToolsVersion = 16.4;
						TestTargetID = CE5CB2582E4E7EC900D04C38;
					};
				};
			};
			buildConfigurationList = CE5CB2542E4E7EC900D04C38 /* Build configuration list for PBXProject "cursor_test" */;
			developmentRegion = en;
			hasScannedForEncodings = 0;
			knownRegions = (
				en,
				Base,
			);
			mainGroup = CE5CB2502E4E7EC900D04C38;
			minimizedProjectReferenceProxies = 1;
			preferredProjectObjectVersion = 77;
			productRefGroup = CE5CB25A2E4E7EC900D04C38 /* Products */;
			projectDirPath = "";
			projectRoot = "";
			targets = (
				CE5CB2582E4E7EC900D04C38 /* cursor_test */,
				CE5CB2652E4E7ECA00D04C38 /* cursor_testTests */,
				CE5CB26F2E4E7ECA00D04C38 /* cursor_testUITests */,
			);
		};
/* End PBXProject section */

/* Begin PBXResourcesBuildPhase section */
		CE5CB2572E4E7EC900D04C38 /* Resources */ = {
			isa = PBXResourcesBuildPhase;
			buildActionMask = 2147483647;
			files = (
			);
			runOnlyForDeploymentPostprocessing = 0;
		};
		CE5CB2642E4E7ECA00D04C38 /* Resources */ = {
			isa = PBXResourcesBuildPhase;
			buildActionMask = 2147483647;
			files = (
			);
			runOnlyForDeploymentPostprocessing = 0;
		};
		CE5CB26E2E4E7ECA00D04C38 /* Resources */ = {
			isa = PBXResourcesBuildPhase;
			buildActionMask = 2147483647;
			files = (
			);
			runOnlyForDeploymentPostprocessing = 0;
		};
/* End PBXResourcesBuildPhase section */

/* Begin PBXSourcesBuildPhase section */
		CE5CB2552E4E7EC900D04C38 /* Sources */ = {
			isa = PBXSourcesBuildPhase;
			buildActionMask = 2147483647;
			files = (
			);
			runOnlyForDeploymentPostprocessing = 0;
		};
		CE5CB2622E4E7ECA00D04C38 /* Sources */ = {
			isa = PBXSourcesBuildPhase;
			buildActionMask = 2147483647;
			files = (
			);
			runOnlyForDeploymentPostprocessing = 0;
		};
		CE5CB26C2E4E7ECA00D04C38 /* Sources */ = {
			isa = PBXSourcesBuildPhase;
			buildActionMask = 2147483647;
			files = (
			);
			runOnlyForDeploymentPostprocessing = 0;
		};
/* End PBXSourcesBuildPhase section */

/* Begin PBXTargetDependency section */
		CE5CB2682E4E7ECA00D04C38 /* PBXTargetDependency */ = {
			isa = PBXTargetDependency;
			target = CE5CB2582E4E7EC900D04C38 /* cursor_test */;
			targetProxy = CE5CB2672E4E7ECA00D04C38 /* PBXContainerItemProxy */;
		};
		CE5CB2722E4E7ECA00D04C38 /* PBXTargetDependency */ = {
			isa = PBXTargetDependency;
			target = CE5CB2582E4E7EC900D04C38 /* cursor_test */;
			targetProxy = CE5CB2712E4E7ECA00D04C38 /* PBXContainerItemProxy */;
		};
/* End PBXTargetDependency section */

/* Begin XCBuildConfiguration section */
		CE5CB2782E4E7ECA00D04C38 /* Debug */ = {
			isa = XCBuildConfiguration;
			buildSettings = {
				ALWAYS_SEARCH_USER_PATHS = NO;
				ASSETCATALOG_COMPILER_GENERATE_SWIFT_ASSET_SYMBOL_EXTENSIONS = YES;
				CLANG_ANALYZER_NONNULL = YES;
				CLANG_ANALYZER_NUMBER_OBJECT_CONVERSION = YES_AGGRESSIVE;
				CLANG_CXX_LANGUAGE_STANDARD = "gnu++20";
				CLANG_ENABLE_MODULES = YES;
				CLANG_ENABLE_OBJC_ARC = YES;
				CLANG_ENABLE_OBJC_WEAK = YES;
				CLANG_WARN_BLOCK_CAPTURE_AUTORELEASING = YES;
				CLANG_WARN_BOOL_CONVERSION = YES;
				CLANG_WARN_COMMA = YES;
				CLANG_WARN_CONSTANT_CONVERSION = YES;
				CLANG_WARN_DEPRECATED_OBJC_IMPLEMENTATIONS = YES;
				CLANG_WARN_DIRECT_OBJC_ISA_USAGE = YES_ERROR;
				CLANG_WARN_DOCUMENTATION_COMMENTS = YES;
				CLANG_WARN_EMPTY_BODY = YES;
				CLANG_WARN_ENUM_CONVERSION = YES;
				CLANG_WARN_INFINITE_RECURSION = YES;
				CLANG_WARN_INT_CONVERSION = YES;
				CLANG_WARN_NON_LITERAL_NULL_CONVERSION = YES;
				CLANG_WARN_OBJC_IMPLICIT_RETAIN_SELF = YES;
				CLANG_WARN_OBJC_LITERAL_CONVERSION = YES;
				CLANG_WARN_OBJC_ROOT_CLASS = YES_ERROR;
				CLANG_WARN_QUOTED_INCLUDE_IN_FRAMEWORK_HEADER = YES;
				CLANG_WARN_RANGE_LOOP_ANALYSIS = YES;
				CLANG_WARN_STRICT_PROTOTYPES = YES;
				CLANG_WARN_SUSPICIOUS_MOVE = YES;
				CLANG_WARN_UNGUARDED_AVAILABILITY = YES_AGGRESSIVE;
				CLANG_WARN_UNREACHABLE_CODE = YES;
				CLANG_WARN__DUPLICATE_METHOD_MATCH = YES;
				COPY_PHASE_STRIP = NO;
				DEBUG_INFORMATION_FORMAT = dwarf;
				DEVELOPMENT_TEAM = TTWNQH2DCM;
				ENABLE_STRICT_OBJC_MSGSEND = YES;
				ENABLE_TESTABILITY = YES;
				ENABLE_USER_SCRIPT_SANDBOXING = YES;
				GCC_C_LANGUAGE_STANDARD = gnu17;
				GCC_DYNAMIC_NO_PIC = NO;
				GCC_NO_COMMON_BLOCKS = YES;
				GCC_OPTIMIZATION_LEVEL = 0;
				GCC_PREPROCESSOR_DEFINITIONS = (
					"DEBUG=1",
					"$(inherited)",
				);
				GCC_WARN_64_TO_32_BIT_CONVERSION = YES;
				GCC_WARN_ABOUT_RETURN_TYPE = YES_ERROR;
				GCC_WARN_UNDECLARED_SELECTOR = YES;
				GCC_WARN_UNINITIALIZED_AUTOS = YES_AGGRESSIVE;
				GCC_WARN_UNUSED_FUNCTION = YES;
				GCC_WARN_UNUSED_VARIABLE = YES;
				IPHONEOS_DEPLOYMENT_TARGET = 18.5;
				LOCALIZATION_PREFERS_STRING_CATALOGS = YES;
				MTL_ENABLE_DEBUG_INFO = INCLUDE_SOURCE;
				MTL_FAST_MATH = YES;
				ONLY_ACTIVE_ARCH = YES;
				SDKROOT = iphoneos;
				SWIFT_ACTIVE_COMPILATION_CONDITIONS = "DEBUG $(inherited)";
				SWIFT_OPTIMIZATION_LEVEL = "-Onone";
			};
			name = Debug;
		};
		CE5CB2792E4E7ECA00D04C38 /* Release */ = {
			isa = XCBuildConfiguration;
			buildSettings = {
				ALWAYS_SEARCH_USER_PATHS = NO;
				ASSETCATALOG_COMPILER_GENERATE_SWIFT_ASSET_SYMBOL_EXTENSIONS = YES;
				CLANG_ANALYZER_NONNULL = YES;
				CLANG_ANALYZER_NUMBER_OBJECT_CONVERSION = YES_AGGRESSIVE;
				CLANG_CXX_LANGUAGE_STANDARD = "gnu++20";
				CLANG_ENABLE_MODULES = YES;
				CLANG_ENABLE_OBJC_ARC = YES;
				CLANG_ENABLE_OBJC_WEAK = YES;
				CLANG_WARN_BLOCK_CAPTURE_AUTORELEASING = YES;
				CLANG_WARN_BOOL_CONVERSION = YES;
				CLANG_WARN_COMMA = YES;
				CLANG_WARN_CONSTANT_CONVERSION = YES;
				CLANG_WARN_DEPRECATED_OBJC_IMPLEMENTATIONS = YES;
				CLANG_WARN_DIRECT_OBJC_ISA_USAGE = YES_ERROR;
				CLANG_WARN_DOCUMENTATION_COMMENTS = YES;
				CLANG_WARN_EMPTY_BODY = YES;
				CLANG_WARN_ENUM_CONVERSION = YES;
				CLANG_WARN_INFINITE_RECURSION = YES;
				CLANG_WARN_INT_CONVERSION = YES;
				CLANG_WARN_NON_LITERAL_NULL_CONVERSION = YES;
				CLANG_WARN_OBJC_IMPLICIT_RETAIN_SELF = YES;
				CLANG_WARN_OBJC_LITERAL_CONVERSION = YES;
				CLANG_WARN_OBJC_ROOT_CLASS = YES_ERROR;
				CLANG_WARN_QUOTED_INCLUDE_IN_FRAMEWORK_HEADER = YES;
				CLANG_WARN_RANGE_LOOP_ANALYSIS = YES;
				CLANG_WARN_STRICT_PROTOTYPES = YES;
				CLANG_WARN_SUSPICIOUS_MOVE = YES;
				CLANG_WARN_UNGUARDED_AVAILABILITY = YES_AGGRESSIVE;
				CLANG_WARN_UNREACHABLE_CODE = YES;
				CLANG_WARN__DUPLICATE_METHOD_MATCH = YES;
				COPY_PHASE_STRIP = NO;
				DEBUG_INFORMATION_FORMAT = "dwarf-with-dsym";
				DEVELOPMENT_TEAM = TTWNQH2DCM;
				ENABLE_NS_ASSERTIONS = NO;
				ENABLE_STRICT_OBJC_MSGSEND = YES;
				ENABLE_USER_SCRIPT_SANDBOXING = YES;
				GCC_C_LANGUAGE_STANDARD = gnu17;
				GCC_NO_COMMON_BLOCKS = YES;
				GCC_WARN_64_TO_32_BIT_CONVERSION = YES;
				GCC_WARN_ABOUT_RETURN_TYPE = YES_ERROR;
				GCC_WARN_UNDECLARED_SELECTOR = YES;
				GCC_WARN_UNINITIALIZED_AUTOS = YES_AGGRESSIVE;
				GCC_WARN_UNUSED_FUNCTION = YES;
				GCC_WARN_UNUSED_VARIABLE = YES;
				IPHONEOS_DEPLOYMENT_TARGET = 18.5;
				LOCALIZATION_PREFERS_STRING_CATALOGS = YES;
				MTL_ENABLE_DEBUG_INFO = NO;
				MTL_FAST_MATH = YES;
				SDKROOT = iphoneos;
				SWIFT_COMPILATION_MODE = wholemodule;
				VALIDATE_PRODUCT = YES;
			};
			name = Release;
		};
		CE5CB27B2E4E7ECA00D04C38 /* Debug */ = {
			isa = XCBuildConfiguration;
			buildSettings = {
				ASSETCATALOG_COMPILER_APPICON_NAME = AppIcon;
				ASSETCATALOG_COMPILER_GLOBAL_ACCENT_COLOR_NAME = AccentColor;
				CODE_SIGN_STYLE = Automatic;
				CURRENT_PROJECT_VERSION = 1;
				DEVELOPMENT_TEAM = TTWNQH2DCM;
				ENABLE_PREVIEWS = YES;
				GENERATE_INFOPLIST_FILE = YES;
				INFOPLIST_KEY_UIApplicationSceneManifest_Generation = YES;
				INFOPLIST_KEY_UIApplicationSupportsIndirectInputEvents = YES;
				INFOPLIST_KEY_UILaunchScreen_Generation = YES;
				INFOPLIST_KEY_UISupportedInterfaceOrientations_iPad = "UIInterfaceOrientationPortrait UIInterfaceOrientationPortraitUpsideDown UIInterfaceOrientationLandscapeLeft UIInterfaceOrientationLandscapeRight";
				INFOPLIST_KEY_UISupportedInterfaceOrientations_iPhone = "UIInterfaceOrientationPortrait UIInterfaceOrientationLandscapeLeft UIInterfaceOrientationLandscapeRight";
				LD_RUNPATH_SEARCH_PATHS = (
					"$(inherited)",
					"@executable_path/Frameworks",
				);
				MARKETING_VERSION = 1.0;
				PRODUCT_BUNDLE_IDENTIFIER = "com.madebytatwa.cursor-test";
				PRODUCT_NAME = "$(TARGET_NAME)";
				SWIFT_EMIT_LOC_STRINGS = YES;
				SWIFT_VERSION = 5.0;
				TARGETED_DEVICE_FAMILY = "1,2";
			};
			name = Debug;
		};
		CE5CB27C2E4E7ECA00D04C38 /* Release */ = {
			isa = XCBuildConfiguration;
			buildSettings = {
				ASSETCATALOG_COMPILER_APPICON_NAME = AppIcon;
				ASSETCATALOG_COMPILER_GLOBAL_ACCENT_COLOR_NAME = AccentColor;
				CODE_SIGN_STYLE = Automatic;
				CURRENT_PROJECT_VERSION = 1;
				DEVELOPMENT_TEAM = TTWNQH2DCM;
				ENABLE_PREVIEWS = YES;
				GENERATE_INFOPLIST_FILE = YES;
				INFOPLIST_KEY_UIApplicationSceneManifest_Generation = YES;
				INFOPLIST_KEY_UIApplicationSupportsIndirectInputEvents = YES;
				INFOPLIST_KEY_UILaunchScreen_Generation = YES;
				INFOPLIST_KEY_UISupportedInterfaceOrientations_iPad = "UIInterfaceOrientationPortrait UIInterfaceOrientationPortraitUpsideDown UIInterfaceOrientationLandscapeLeft UIInterfaceOrientationLandscapeRight";
				INFOPLIST_KEY_UISupportedInterfaceOrientations_iPhone = "UIInterfaceOrientationPortrait UIInterfaceOrientationLandscapeLeft UIInterfaceOrientationLandscapeRight";
				LD_RUNPATH_SEARCH_PATHS = (
					"$(inherited)",
					"@executable_path/Frameworks",
				);
				MARKETING_VERSION = 1.0;
				PRODUCT_BUNDLE_IDENTIFIER = "com.madebytatwa.cursor-test";
				PRODUCT_NAME = "$(TARGET_NAME)";
				SWIFT_EMIT_LOC_STRINGS = YES;
				SWIFT_VERSION = 5.0;
				TARGETED_DEVICE_FAMILY = "1,2";
			};
			name = Release;
		};
		CE5CB27E2E4E7ECA00D04C38 /* Debug */ = {
			isa = XCBuildConfiguration;
			buildSettings = {
				BUNDLE_LOADER = "$(TEST_HOST)";
				CODE_SIGN_STYLE = Automatic;
				CURRENT_PROJECT_VERSION = 1;
				DEVELOPMENT_TEAM = TTWNQH2DCM;
				GENERATE_INFOPLIST_FILE = YES;
				IPHONEOS_DEPLOYMENT_TARGET = 18.5;
				MARKETING_VERSION = 1.0;
				PRODUCT_BUNDLE_IDENTIFIER = "com.madebytatwa.cursor-testTests";
				PRODUCT_NAME = "$(TARGET_NAME)";
				SWIFT_EMIT_LOC_STRINGS = NO;
				SWIFT_VERSION = 5.0;
				TARGETED_DEVICE_FAMILY = "1,2";
				TEST_HOST = "$(BUILT_PRODUCTS_DIR)/cursor_test.app/$(BUNDLE_EXECUTABLE_FOLDER_PATH)/cursor_test";
			};
			name = Debug;
		};
		CE5CB27F2E4E7ECA00D04C38 /* Release */ = {
			isa = XCBuildConfiguration;
			buildSettings = {
				BUNDLE_LOADER = "$(TEST_HOST)";
				CODE_SIGN_STYLE = Automatic;
				CURRENT_PROJECT_VERSION = 1;
				DEVELOPMENT_TEAM = TTWNQH2DCM;
				GENERATE_INFOPLIST_FILE = YES;
				IPHONEOS_DEPLOYMENT_TARGET = 18.5;
				MARKETING_VERSION = 1.0;
				PRODUCT_BUNDLE_IDENTIFIER = "com.madebytatwa.cursor-testTests";
				PRODUCT_NAME = "$(TARGET_NAME)";
				SWIFT_EMIT_LOC_STRINGS = NO;
				SWIFT_VERSION = 5.0;
				TARGETED_DEVICE_FAMILY = "1,2";
				TEST_HOST = "$(BUILT_PRODUCTS_DIR)/cursor_test.app/$(BUNDLE_EXECUTABLE_FOLDER_PATH)/cursor_test";
			};
			name = Release;
		};
		CE5CB2812E4E7ECA00D04C38 /* Debug */ = {
			isa = XCBuildConfiguration;
			buildSettings = {
				CODE_SIGN_STYLE = Automatic;
				CURRENT_PROJECT_VERSION = 1;
				DEVELOPMENT_TEAM = TTWNQH2DCM;
				GENERATE_INFOPLIST_FILE = YES;
				MARKETING_VERSION = 1.0;
				PRODUCT_BUNDLE_IDENTIFIER = "com.madebytatwa.cursor-testUITests";
				PRODUCT_NAME = "$(TARGET_NAME)";
				SWIFT_EMIT_LOC_STRINGS = NO;
				SWIFT_VERSION = 5.0;
				TARGETED_DEVICE_FAMILY = "1,2";
				TEST_TARGET_NAME = cursor_test;
			};
			name = Debug;
		};
		CE5CB2822E4E7ECA00D04C38 /* Release */ = {
			isa = XCBuildConfiguration;
			buildSettings = {
				CODE_SIGN_STYLE = Automatic;
				CURRENT_PROJECT_VERSION = 1;
				DEVELOPMENT_TEAM = TTWNQH2DCM;
				GENERATE_INFOPLIST_FILE = YES;
				MARKETING_VERSION = 1.0;
				PRODUCT_BUNDLE_IDENTIFIER = "com.madebytatwa.cursor-testUITests";
				PRODUCT_NAME = "$(TARGET_NAME)";
				SWIFT_EMIT_LOC_STRINGS = NO;
				SWIFT_VERSION = 5.0;
				TARGETED_DEVICE_FAMILY = "1,2";
				TEST_TARGET_NAME = cursor_test;
			};
			name = Release;
		};
/* End XCBuildConfiguration section */

/* Begin XCConfigurationList section */
		CE5CB2542E4E7EC900D04C38 /* Build configuration list for PBXProject "cursor_test" */ = {
			isa = XCConfigurationList;
			buildConfigurations = (
				CE5CB2782E4E7ECA00D04C38 /* Debug */,
				CE5CB2792E4E7ECA00D04C38 /* Release */,
			);
			defaultConfigurationIsVisible = 0;
			defaultConfigurationName = Release;
		};
		CE5CB27A2E4E7ECA00D04C38 /* Build configuration list for PBXNativeTarget "cursor_test" */ = {
			isa = XCConfigurationList;
			buildConfigurations = (
				CE5CB27B2E4E7ECA00D04C38 /* Debug */,
				CE5CB27C2E4E7ECA00D04C38 /* Release */,
			);
			defaultConfigurationIsVisible = 0;
			defaultConfigurationName = Release;
		};
		CE5CB27D2E4E7ECA00D04C38 /* Build configuration list for PBXNativeTarget "cursor_testTests" */ = {
			isa = XCConfigurationList;
			buildConfigurations = (
				CE5CB27E2E4E7ECA00D04C38 /* Debug */,
				CE5CB27F2E4E7ECA00D04C38 /* Release */,
			);
			defaultConfigurationIsVisible = 0;
			defaultConfigurationName = Release;
		};
		CE5CB2802E4E7ECA00D04C38 /* Build configuration list for PBXNativeTarget "cursor_testUITests" */ = {
			isa = XCConfigurationList;
			buildConfigurations = (
				CE5CB2812E4E7ECA00D04C38 /* Debug */,
				CE5CB2822E4E7ECA00D04C38 /* Release */,
			);
			defaultConfigurationIsVisible = 0;
			defaultConfigurationName = Release;
		};
/* End XCConfigurationList section */
	};
	rootObject = CE5CB2512E4E7EC900D04C38 /* Project object */;
}
